// !$*UTF8*$!
{
	archiveVersion = 1;
	classes = {
	};
	objectVersion = 56;
	objects = {

/* Begin PBXBuildFile section */
		8D74B82F2A8CFF750002A1F6 /* developerAppleTutorial1App.swift in Sources */ = {isa = PBXBuildFile; fileRef = 8D74B82E2A8CFF750002A1F6 /* developerAppleTutorial1App.swift */; };
		8D74B8312A8CFF750002A1F6 /* ContentView.swift in Sources */ = {isa = PBXBuildFile; fileRef = 8D74B8302A8CFF750002A1F6 /* ContentView.swift */; };
		8D74B8332A8CFF770002A1F6 /* Assets.xcassets in Resources */ = {isa = PBXBuildFile; fileRef = 8D74B8322A8CFF770002A1F6 /* Assets.xcassets */; };
		8D74B8362A8CFF770002A1F6 /* Preview Assets.xcassets in Resources */ = {isa = PBXBuildFile; fileRef = 8D74B8352A8CFF770002A1F6 /* Preview Assets.xcassets */; };
		8D74B8402A8CFF770002A1F6 /* developerAppleTutorial1Tests.swift in Sources */ = {isa = PBXBuildFile; fileRef = 8D74B83F2A8CFF770002A1F6 /* developerAppleTutorial1Tests.swift */; };
		8D74B84A2A8CFF770002A1F6 /* developerAppleTutorial1UITests.swift in Sources */ = {isa = PBXBuildFile; fileRef = 8D74B8492A8CFF770002A1F6 /* developerAppleTutorial1UITests.swift */; };
		8D74B84C2A8CFF770002A1F6 /* developerAppleTutorial1UITestsLaunchTests.swift in Sources */ = {isa = PBXBuildFile; fileRef = 8D74B84B2A8CFF770002A1F6 /* developerAppleTutorial1UITestsLaunchTests.swift */; };
/* End PBXBuildFile section */

/* Begin PBXContainerItemProxy section */
		8D74B83C2A8CFF770002A1F6 /* PBXContainerItemProxy */ = {
			isa = PBXContainerItemProxy;
			containerPortal = 8D74B8232A8CFF750002A1F6 /* Project object */;
			proxyType = 1;
			remoteGlobalIDString = 8D74B82A2A8CFF750002A1F6;
			remoteInfo = developerAppleTutorial1;
		};
		8D74B8462A8CFF770002A1F6 /* PBXContainerItemProxy */ = {
			isa = PBXContainerItemProxy;
			containerPortal = 8D74B8232A8CFF750002A1F6 /* Project object */;
			proxyType = 1;
			remoteGlobalIDString = 8D74B82A2A8CFF750002A1F6;
			remoteInfo = developerAppleTutorial1;
		};
/* End PBXContainerItemProxy section */

/* Begin PBXFileReference section */
		8D74B82B2A8CFF750002A1F6 /* developerAppleTutorial1.app */ = {isa = PBXFileReference; explicitFileType = wrapper.application; includeInIndex = 0; path = developerAppleTutorial1.app; sourceTree = BUILT_PRODUCTS_DIR; };
		8D74B82E2A8CFF750002A1F6 /* developerAppleTutorial1App.swift */ = {isa = PBXFileReference; lastKnownFileType = sourcecode.swift; path = developerAppleTutorial1App.swift; sourceTree = "<group>"; };
		8D74B8302A8CFF750002A1F6 /* ContentView.swift */ = {isa = PBXFileReference; lastKnownFileType = sourcecode.swift; path = ContentView.swift; sourceTree = "<group>"; };
		8D74B8322A8CFF770002A1F6 /* Assets.xcassets */ = {isa = PBXFileReference; lastKnownFileType = folder.assetcatalog; path = Assets.xcassets; sourceTree = "<group>"; };
		8D74B8352A8CFF770002A1F6 /* Preview Assets.xcassets */ = {isa = PBXFileReference; lastKnownFileType = folder.assetcatalog; path = "Preview Assets.xcassets"; sourceTree = "<group>"; };
		8D74B83B2A8CFF770002A1F6 /* developerAppleTutorial1Tests.xctest */ = {isa = PBXFileReference; explicitFileType = wrapper.cfbundle; includeInIndex = 0; path = developerAppleTutorial1Tests.xctest; sourceTree = BUILT_PRODUCTS_DIR; };
		8D74B83F2A8CFF770002A1F6 /* developerAppleTutorial1Tests.swift */ = {isa = PBXFileReference; lastKnownFileType = sourcecode.swift; path = developerAppleTutorial1Tests.swift; sourceTree = "<group>"; };
		8D74B8452A8CFF770002A1F6 /* developerAppleTutorial1UITests.xctest */ = {isa = PBXFileReference; explicitFileType = wrapper.cfbundle; includeInIndex = 0; path = developerAppleTutorial1UITests.xctest; sourceTree = BUILT_PRODUCTS_DIR; };
		8D74B8492A8CFF770002A1F6 /* developerAppleTutorial1UITests.swift */ = {isa = PBXFileReference; lastKnownFileType = sourcecode.swift; path = developerAppleTutorial1UITests.swift; sourceTree = "<group>"; };
		8D74B84B2A8CFF770002A1F6 /* developerAppleTutorial1UITestsLaunchTests.swift */ = {isa = PBXFileReference; lastKnownFileType = sourcecode.swift; path = developerAppleTutorial1UITestsLaunchTests.swift; sourceTree = "<group>"; };
/* End PBXFileReference section */

/* Begin PBXFrameworksBuildPhase section */
		8D74B8282A8CFF750002A1F6 /* Frameworks */ = {
			isa = PBXFrameworksBuildPhase;
			buildActionMask = 2147483647;
			files = (
			);
			runOnlyForDeploymentPostprocessing = 0;
		};
		8D74B8382A8CFF770002A1F6 /* Frameworks */ = {
			isa = PBXFrameworksBuildPhase;
			buildActionMask = 2147483647;
			files = (
			);
			runOnlyForDeploymentPostprocessing = 0;
		};
		8D74B8422A8CFF770002A1F6 /* Frameworks */ = {
			isa = PBXFrameworksBuildPhase;
			buildActionMask = 2147483647;
			files = (
			);
			runOnlyForDeploymentPostprocessing = 0;
		};
/* End PBXFrameworksBuildPhase section */

/* Begin PBXGroup section */
		8D74B8222A8CFF750002A1F6 = {
			isa = PBXGroup;
			children = (
				8D74B82D2A8CFF750002A1F6 /* developerAppleTutorial1 */,
				8D74B83E2A8CFF770002A1F6 /* developerAppleTutorial1Tests */,
				8D74B8482A8CFF770002A1F6 /* developerAppleTutorial1UITests */,
				8D74B82C2A8CFF750002A1F6 /* Products */,
			);
			sourceTree = "<group>";
		};
		8D74B82C2A8CFF750002A1F6 /* Products */ = {
			isa = PBXGroup;
			children = (
				8D74B82B2A8CFF750002A1F6 /* developerAppleTutorial1.app */,
				8D74B83B2A8CFF770002A1F6 /* developerAppleTutorial1Tests.xctest */,
				8D74B8452A8CFF770002A1F6 /* developerAppleTutorial1UITests.xctest */,
			);
			name = Products;
			sourceTree = "<group>";
		};
		8D74B82D2A8CFF750002A1F6 /* developerAppleTutorial1 */ = {
			isa = PBXGroup;
			children = (
				8D74B82E2A8CFF750002A1F6 /* developerAppleTutorial1App.swift */,
				8D74B8302A8CFF750002A1F6 /* ContentView.swift */,
				8D74B8322A8CFF770002A1F6 /* Assets.xcassets */,
				8D74B8342A8CFF770002A1F6 /* Preview Content */,
			);
			path = developerAppleTutorial1;
			sourceTree = "<group>";
		};
		8D74B8342A8CFF770002A1F6 /* Preview Content */ = {
			isa = PBXGroup;
			children = (
				8D74B8352A8CFF770002A1F6 /* Preview Assets.xcassets */,
			);
			path = "Preview Content";
			sourceTree = "<group>";
		};
		8D74B83E2A8CFF770002A1F6 /* developerAppleTutorial1Tests */ = {
			isa = PBXGroup;
			children = (
				8D74B83F2A8CFF770002A1F6 /* developerAppleTutorial1Tests.swift */,
			);
			path = developerAppleTutorial1Tests;
			sourceTree = "<group>";
		};
		8D74B8482A8CFF770002A1F6 /* developerAppleTutorial1UITests */ = {
			isa = PBXGroup;
			children = (
				8D74B8492A8CFF770002A1F6 /* developerAppleTutorial1UITests.swift */,
				8D74B84B2A8CFF770002A1F6 /* developerAppleTutorial1UITestsLaunchTests.swift */,
			);
			path = developerAppleTutorial1UITests;
			sourceTree = "<group>";
		};
/* End PBXGroup section */

/* Begin PBXNativeTarget section */
		8D74B82A2A8CFF750002A1F6 /* developerAppleTutorial1 */ = {
			isa = PBXNativeTarget;
			buildConfigurationList = 8D74B84F2A8CFF770002A1F6 /* Build configuration list for PBXNativeTarget "developerAppleTutorial1" */;
			buildPhases = (
				8D74B8272A8CFF750002A1F6 /* Sources */,
				8D74B8282A8CFF750002A1F6 /* Frameworks */,
				8D74B8292A8CFF750002A1F6 /* Resources */,
			);
			buildRules = (
			);
			dependencies = (
			);
			name = developerAppleTutorial1;
			productName = developerAppleTutorial1;
			productReference = 8D74B82B2A8CFF750002A1F6 /* developerAppleTutorial1.app */;
			productType = "com.apple.product-type.application";
		};
		8D74B83A2A8CFF770002A1F6 /* developerAppleTutorial1Tests */ = {
			isa = PBXNativeTarget;
			buildConfigurationList = 8D74B8522A8CFF770002A1F6 /* Build configuration list for PBXNativeTarget "developerAppleTutorial1Tests" */;
			buildPhases = (
				8D74B8372A8CFF770002A1F6 /* Sources */,
				8D74B8382A8CFF770002A1F6 /* Frameworks */,
				8D74B8392A8CFF770002A1F6 /* Resources */,
			);
			buildRules = (
			);
			dependencies = (
				8D74B83D2A8CFF770002A1F6 /* PBXTargetDependency */,
			);
			name = developerAppleTutorial1Tests;
			productName = developerAppleTutorial1Tests;
			productReference = 8D74B83B2A8CFF770002A1F6 /* developerAppleTutorial1Tests.xctest */;
			productType = "com.apple.product-type.bundle.unit-test";
		};
		8D74B8442A8CFF770002A1F6 /* developerAppleTutorial1UITests */ = {
			isa = PBXNativeTarget;
			buildConfigurationList = 8D74B8552A8CFF770002A1F6 /* Build configuration list for PBXNativeTarget "developerAppleTutorial1UITests" */;
			buildPhases = (
				8D74B8412A8CFF770002A1F6 /* Sources */,
				8D74B8422A8CFF770002A1F6 /* Frameworks */,
				8D74B8432A8CFF770002A1F6 /* Resources */,
			);
			buildRules = (
			);
			dependencies = (
				8D74B8472A8CFF770002A1F6 /* PBXTargetDependency */,
			);
			name = developerAppleTutorial1UITests;
			productName = developerAppleTutorial1UITests;
			productReference = 8D74B8452A8CFF770002A1F6 /* developerAppleTutorial1UITests.xctest */;
			productType = "com.apple.product-type.bundle.ui-testing";
		};
/* End PBXNativeTarget section */

/* Begin PBXProject section */
		8D74B8232A8CFF750002A1F6 /* Project object */ = {
			isa = PBXProject;
			attributes = {
				BuildIndependentTargetsInParallel = 1;
				LastSwiftUpdateCheck = 1430;
				LastUpgradeCheck = 1430;
				TargetAttributes = {
					8D74B82A2A8CFF750002A1F6 = {
						CreatedOnToolsVersion = 14.3.1;
					};
					8D74B83A2A8CFF770002A1F6 = {
						CreatedOnToolsVersion = 14.3.1;
						TestTargetID = 8D74B82A2A8CFF750002A1F6;
					};
					8D74B8442A8CFF770002A1F6 = {
						CreatedOnToolsVersion = 14.3.1;
						TestTargetID = 8D74B82A2A8CFF750002A1F6;
					};
				};
			};
			buildConfigurationList = 8D74B8262A8CFF750002A1F6 /* Build configuration list for PBXProject "developerAppleTutorial1" */;
			compatibilityVersion = "Xcode 14.0";
			developmentRegion = en;
			hasScannedForEncodings = 0;
			knownRegions = (
				en,
				Base,
			);
			mainGroup = 8D74B8222A8CFF750002A1F6;
			productRefGroup = 8D74B82C2A8CFF750002A1F6 /* Products */;
			projectDirPath = "";
			projectRoot = "";
			targets = (
				8D74B82A2A8CFF750002A1F6 /* developerAppleTutorial1 */,
				8D74B83A2A8CFF770002A1F6 /* developerAppleTutorial1Tests */,
				8D74B8442A8CFF770002A1F6 /* developerAppleTutorial1UITests */,
			);
		};
/* End PBXProject section */

/* Begin PBXResourcesBuildPhase section */
		8D74B8292A8CFF750002A1F6 /* Resources */ = {
			isa = PBXResourcesBuildPhase;
			buildActionMask = 2147483647;
			files = (
				8D74B8362A8CFF770002A1F6 /* Preview Assets.xcassets in Resources */,
				8D74B8332A8CFF770002A1F6 /* Assets.xcassets in Resources */,
			);
			runOnlyForDeploymentPostprocessing = 0;
		};
		8D74B8392A8CFF770002A1F6 /* Resources */ = {
			isa = PBXResourcesBuildPhase;
			buildActionMask = 2147483647;
			files = (
			);
			runOnlyForDeploymentPostprocessing = 0;
		};
		8D74B8432A8CFF770002A1F6 /* Resources */ = {
			isa = PBXResourcesBuildPhase;
			buildActionMask = 2147483647;
			files = (
			);
			runOnlyForDeploymentPostprocessing = 0;
		};
/* End PBXResourcesBuildPhase section */

/* Begin PBXSourcesBuildPhase section */
		8D74B8272A8CFF750002A1F6 /* Sources */ = {
			isa = PBXSourcesBuildPhase;
			buildActionMask = 2147483647;
			files = (
				8D74B8312A8CFF750002A1F6 /* ContentView.swift in Sources */,
				8D74B82F2A8CFF750002A1F6 /* developerAppleTutorial1App.swift in Sources */,
			);
			runOnlyForDeploymentPostprocessing = 0;
		};
		8D74B8372A8CFF770002A1F6 /* Sources */ = {
			isa = PBXSourcesBuildPhase;
			buildActionMask = 2147483647;
			files = (
				8D74B8402A8CFF770002A1F6 /* developerAppleTutorial1Tests.swift in Sources */,
			);
			runOnlyForDeploymentPostprocessing = 0;
		};
		8D74B8412A8CFF770002A1F6 /* Sources */ = {
			isa = PBXSourcesBuildPhase;
			buildActionMask = 2147483647;
			files = (
				8D74B84C2A8CFF770002A1F6 /* developerAppleTutorial1UITestsLaunchTests.swift in Sources */,
				8D74B84A2A8CFF770002A1F6 /* developerAppleTutorial1UITests.swift in Sources */,
			);
			runOnlyForDeploymentPostprocessing = 0;
		};
/* End PBXSourcesBuildPhase section */

/* Begin PBXTargetDependency section */
		8D74B83D2A8CFF770002A1F6 /* PBXTargetDependency */ = {
			isa = PBXTargetDependency;
			target = 8D74B82A2A8CFF750002A1F6 /* developerAppleTutorial1 */;
			targetProxy = 8D74B83C2A8CFF770002A1F6 /* PBXContainerItemProxy */;
		};
		8D74B8472A8CFF770002A1F6 /* PBXTargetDependency */ = {
			isa = PBXTargetDependency;
			target = 8D74B82A2A8CFF750002A1F6 /* developerAppleTutorial1 */;
			targetProxy = 8D74B8462A8CFF770002A1F6 /* PBXContainerItemProxy */;
		};
/* End PBXTargetDependency section */

/* Begin XCBuildConfiguration section */
		8D74B84D2A8CFF770002A1F6 /* Debug */ = {
			isa = XCBuildConfiguration;
			buildSettings = {
				ALWAYS_SEARCH_USER_PATHS = NO;
				CLANG_ANALYZER_NONNULL = YES;
				CLANG_ANALYZER_NUMBER_OBJECT_CONVERSION = YES_AGGRESSIVE;
				CLANG_CXX_LANGUAGE_STANDARD = "gnu++20";
				CLANG_ENABLE_MODULES = YES;
				CLANG_ENABLE_OBJC_ARC = YES;
				CLANG_ENABLE_OBJC_WEAK = YES;
				CLANG_WARN_BLOCK_CAPTURE_AUTORELEASING = YES;
				CLANG_WARN_BOOL_CONVERSION = YES;
				CLANG_WARN_COMMA = YES;
				CLANG_WARN_CONSTANT_CONVERSION = YES;
				CLANG_WARN_DEPRECATED_OBJC_IMPLEMENTATIONS = YES;
				CLANG_WARN_DIRECT_OBJC_ISA_USAGE = YES_ERROR;
				CLANG_WARN_DOCUMENTATION_COMMENTS = YES;
				CLANG_WARN_EMPTY_BODY = YES;
				CLANG_WARN_ENUM_CONVERSION = YES;
				CLANG_WARN_INFINITE_RECURSION = YES;
				CLANG_WARN_INT_CONVERSION = YES;
				CLANG_WARN_NON_LITERAL_NULL_CONVERSION = YES;
				CLANG_WARN_OBJC_IMPLICIT_RETAIN_SELF = YES;
				CLANG_WARN_OBJC_LITERAL_CONVERSION = YES;
				CLANG_WARN_OBJC_ROOT_CLASS = YES_ERROR;
				CLANG_WARN_QUOTED_INCLUDE_IN_FRAMEWORK_HEADER = YES;
				CLANG_WARN_RANGE_LOOP_ANALYSIS = YES;
				CLANG_WARN_STRICT_PROTOTYPES = YES;
				CLANG_WARN_SUSPICIOUS_MOVE = YES;
				CLANG_WARN_UNGUARDED_AVAILABILITY = YES_AGGRESSIVE;
				CLANG_WARN_UNREACHABLE_CODE = YES;
				CLANG_WARN__DUPLICATE_METHOD_MATCH = YES;
				COPY_PHASE_STRIP = NO;
				DEBUG_INFORMATION_FORMAT = dwarf;
				ENABLE_STRICT_OBJC_MSGSEND = YES;
				ENABLE_TESTABILITY = YES;
				GCC_C_LANGUAGE_STANDARD = gnu11;
				GCC_DYNAMIC_NO_PIC = NO;
				GCC_NO_COMMON_BLOCKS = YES;
				GCC_OPTIMIZATION_LEVEL = 0;
				GCC_PREPROCESSOR_DEFINITIONS = (
					"DEBUG=1",
					"$(inherited)",
				);
				GCC_WARN_64_TO_32_BIT_CONVERSION = YES;
				GCC_WARN_ABOUT_RETURN_TYPE = YES_ERROR;
				GCC_WARN_UNDECLARED_SELECTOR = YES;
				GCC_WARN_UNINITIALIZED_AUTOS = YES_AGGRESSIVE;
				GCC_WARN_UNUSED_FUNCTION = YES;
				GCC_WARN_UNUSED_VARIABLE = YES;
				IPHONEOS_DEPLOYMENT_TARGET = 16.4;
				MTL_ENABLE_DEBUG_INFO = INCLUDE_SOURCE;
				MTL_FAST_MATH = YES;
				ONLY_ACTIVE_ARCH = YES;
				SDKROOT = iphoneos;
				SWIFT_ACTIVE_COMPILATION_CONDITIONS = DEBUG;
				SWIFT_OPTIMIZATION_LEVEL = "-Onone";
			};
			name = Debug;
		};
		8D74B84E2A8CFF770002A1F6 /* Release */ = {
			isa = XCBuildConfiguration;
			buildSettings = {
				ALWAYS_SEARCH_USER_PATHS = NO;
				CLANG_ANALYZER_NONNULL = YES;
				CLANG_ANALYZER_NUMBER_OBJECT_CONVERSION = YES_AGGRESSIVE;
				CLANG_CXX_LANGUAGE_STANDARD = "gnu++20";
				CLANG_ENABLE_MODULES = YES;
				CLANG_ENABLE_OBJC_ARC = YES;
				CLANG_ENABLE_OBJC_WEAK = YES;
				CLANG_WARN_BLOCK_CAPTURE_AUTORELEASING = YES;
				CLANG_WARN_BOOL_CONVERSION = YES;
				CLANG_WARN_COMMA = YES;
				CLANG_WARN_CONSTANT_CONVERSION = YES;
				CLANG_WARN_DEPRECATED_OBJC_IMPLEMENTATIONS = YES;
				CLANG_WARN_DIRECT_OBJC_ISA_USAGE = YES_ERROR;
				CLANG_WARN_DOCUMENTATION_COMMENTS = YES;
				CLANG_WARN_EMPTY_BODY = YES;
				CLANG_WARN_ENUM_CONVERSION = YES;
				CLANG_WARN_INFINITE_RECURSION = YES;
				CLANG_WARN_INT_CONVERSION = YES;
				CLANG_WARN_NON_LITERAL_NULL_CONVERSION = YES;
				CLANG_WARN_OBJC_IMPLICIT_RETAIN_SELF = YES;
				CLANG_WARN_OBJC_LITERAL_CONVERSION = YES;
				CLANG_WARN_OBJC_ROOT_CLASS = YES_ERROR;
				CLANG_WARN_QUOTED_INCLUDE_IN_FRAMEWORK_HEADER = YES;
				CLANG_WARN_RANGE_LOOP_ANALYSIS = YES;
				CLANG_WARN_STRICT_PROTOTYPES = YES;
				CLANG_WARN_SUSPICIOUS_MOVE = YES;
				CLANG_WARN_UNGUARDED_AVAILABILITY = YES_AGGRESSIVE;
				CLANG_WARN_UNREACHABLE_CODE = YES;
				CLANG_WARN__DUPLICATE_METHOD_MATCH = YES;
				COPY_PHASE_STRIP = NO;
				DEBUG_INFORMATION_FORMAT = "dwarf-with-dsym";
				ENABLE_NS_ASSERTIONS = NO;
				ENABLE_STRICT_OBJC_MSGSEND = YES;
				GCC_C_LANGUAGE_STANDARD = gnu11;
				GCC_NO_COMMON_BLOCKS = YES;
				GCC_WARN_64_TO_32_BIT_CONVERSION = YES;
				GCC_WARN_ABOUT_RETURN_TYPE = YES_ERROR;
				GCC_WARN_UNDECLARED_SELECTOR = YES;
				GCC_WARN_UNINITIALIZED_AUTOS = YES_AGGRESSIVE;
				GCC_WARN_UNUSED_FUNCTION = YES;
				GCC_WARN_UNUSED_VARIABLE = YES;
				IPHONEOS_DEPLOYMENT_TARGET = 16.4;
				MTL_ENABLE_DEBUG_INFO = NO;
				MTL_FAST_MATH = YES;
				SDKROOT = iphoneos;
				SWIFT_COMPILATION_MODE = wholemodule;
				SWIFT_OPTIMIZATION_LEVEL = "-O";
				VALIDATE_PRODUCT = YES;
			};
			name = Release;
		};
		8D74B8502A8CFF770002A1F6 /* Debug */ = {
			isa = XCBuildConfiguration;
			buildSettings = {
				ASSETCATALOG_COMPILER_APPICON_NAME = AppIcon;
				ASSETCATALOG_COMPILER_GLOBAL_ACCENT_COLOR_NAME = AccentColor;
				CODE_SIGN_STYLE = Automatic;
				CURRENT_PROJECT_VERSION = 1;
				DEVELOPMENT_ASSET_PATHS = "\"developerAppleTutorial1/Preview Content\"";
				DEVELOPMENT_TEAM = 3DFRWJSMRH;
				ENABLE_PREVIEWS = YES;
				GENERATE_INFOPLIST_FILE = YES;
				INFOPLIST_KEY_UIApplicationSceneManifest_Generation = YES;
				INFOPLIST_KEY_UIApplicationSupportsIndirectInputEvents = YES;
				INFOPLIST_KEY_UILaunchScreen_Generation = YES;
				INFOPLIST_KEY_UISupportedInterfaceOrientations_iPad = "UIInterfaceOrientationPortrait UIInterfaceOrientationPortraitUpsideDown UIInterfaceOrientationLandscapeLeft UIInterfaceOrientationLandscapeRight";
				INFOPLIST_KEY_UISupportedInterfaceOrientations_iPhone = "UIInterfaceOrientationPortrait UIInterfaceOrientationLandscapeLeft UIInterfaceOrientationLandscapeRight";
				LD_RUNPATH_SEARCH_PATHS = (
					"$(inherited)",
					"@executable_path/Frameworks",
				);
				MARKETING_VERSION = 1.0;
				PRODUCT_BUNDLE_IDENTIFIER = meth.developerAppleTutorial1;
				PRODUCT_NAME = "$(TARGET_NAME)";
				SWIFT_EMIT_LOC_STRINGS = YES;
				SWIFT_VERSION = 5.0;
				TARGETED_DEVICE_FAMILY = "1,2";
			};
			name = Debug;
		};
		8D74B8512A8CFF770002A1F6 /* Release */ = {
			isa = XCBuildConfiguration;
			buildSettings = {
				ASSETCATALOG_COMPILER_APPICON_NAME = AppIcon;
				ASSETCATALOG_COMPILER_GLOBAL_ACCENT_COLOR_NAME = AccentColor;
				CODE_SIGN_STYLE = Automatic;
				CURRENT_PROJECT_VERSION = 1;
				DEVELOPMENT_ASSET_PATHS = "\"developerAppleTutorial1/Preview Content\"";
				DEVELOPMENT_TEAM = 3DFRWJSMRH;
				ENABLE_PREVIEWS = YES;
				GENERATE_INFOPLIST_FILE = YES;
				INFOPLIST_KEY_UIApplicationSceneManifest_Generation = YES;
				INFOPLIST_KEY_UIApplicationSupportsIndirectInputEvents = YES;
				INFOPLIST_KEY_UILaunchScreen_Generation = YES;
				INFOPLIST_KEY_UISupportedInterfaceOrientations_iPad = "UIInterfaceOrientationPortrait UIInterfaceOrientationPortraitUpsideDown UIInterfaceOrientationLandscapeLeft UIInterfaceOrientationLandscapeRight";
				INFOPLIST_KEY_UISupportedInterfaceOrientations_iPhone = "UIInterfaceOrientationPortrait UIInterfaceOrientationLandscapeLeft UIInterfaceOrientationLandscapeRight";
				LD_RUNPATH_SEARCH_PATHS = (
					"$(inherited)",
					"@executable_path/Frameworks",
				);
				MARKETING_VERSION = 1.0;
				PRODUCT_BUNDLE_IDENTIFIER = meth.developerAppleTutorial1;
				PRODUCT_NAME = "$(TARGET_NAME)";
				SWIFT_EMIT_LOC_STRINGS = YES;
				SWIFT_VERSION = 5.0;
				TARGETED_DEVICE_FAMILY = "1,2";
			};
			name = Release;
		};
		8D74B8532A8CFF770002A1F6 /* Debug */ = {
			isa = XCBuildConfiguration;
			buildSettings = {
				ALWAYS_EMBED_SWIFT_STANDARD_LIBRARIES = YES;
				BUNDLE_LOADER = "$(TEST_HOST)";
				CODE_SIGN_STYLE = Automatic;
				CURRENT_PROJECT_VERSION = 1;
				DEVELOPMENT_TEAM = 3DFRWJSMRH;
				GENERATE_INFOPLIST_FILE = YES;
				IPHONEOS_DEPLOYMENT_TARGET = 16.4;
				MARKETING_VERSION = 1.0;
				PRODUCT_BUNDLE_IDENTIFIER = meth.developerAppleTutorial1Tests;
				PRODUCT_NAME = "$(TARGET_NAME)";
				SWIFT_EMIT_LOC_STRINGS = NO;
				SWIFT_VERSION = 5.0;
				TARGETED_DEVICE_FAMILY = "1,2";
				TEST_HOST = "$(BUILT_PRODUCTS_DIR)/developerAppleTutorial1.app/$(BUNDLE_EXECUTABLE_FOLDER_PATH)/developerAppleTutorial1";
			};
			name = Debug;
		};
		8D74B8542A8CFF770002A1F6 /* Release */ = {
			isa = XCBuildConfiguration;
			buildSettings = {
				ALWAYS_EMBED_SWIFT_STANDARD_LIBRARIES = YES;
				BUNDLE_LOADER = "$(TEST_HOST)";
				CODE_SIGN_STYLE = Automatic;
				CURRENT_PROJECT_VERSION = 1;
				DEVELOPMENT_TEAM = 3DFRWJSMRH;
				GENERATE_INFOPLIST_FILE = YES;
				IPHONEOS_DEPLOYMENT_TARGET = 16.4;
				MARKETING_VERSION = 1.0;
				PRODUCT_BUNDLE_IDENTIFIER = meth.developerAppleTutorial1Tests;
				PRODUCT_NAME = "$(TARGET_NAME)";
				SWIFT_EMIT_LOC_STRINGS = NO;
				SWIFT_VERSION = 5.0;
				TARGETED_DEVICE_FAMILY = "1,2";
				TEST_HOST = "$(BUILT_PRODUCTS_DIR)/developerAppleTutorial1.app/$(BUNDLE_EXECUTABLE_FOLDER_PATH)/developerAppleTutorial1";
			};
			name = Release;
		};
		8D74B8562A8CFF770002A1F6 /* Debug */ = {
			isa = XCBuildConfiguration;
			buildSettings = {
				ALWAYS_EMBED_SWIFT_STANDARD_LIBRARIES = YES;
				CODE_SIGN_STYLE = Automatic;
				CURRENT_PROJECT_VERSION = 1;
				DEVELOPMENT_TEAM = 3DFRWJSMRH;
				GENERATE_INFOPLIST_FILE = YES;
				MARKETING_VERSION = 1.0;
				PRODUCT_BUNDLE_IDENTIFIER = meth.developerAppleTutorial1UITests;
				PRODUCT_NAME = "$(TARGET_NAME)";
				SWIFT_EMIT_LOC_STRINGS = NO;
				SWIFT_VERSION = 5.0;
				TARGETED_DEVICE_FAMILY = "1,2";
				TEST_TARGET_NAME = developerAppleTutorial1;
			};
			name = Debug;
		};
		8D74B8572A8CFF770002A1F6 /* Release */ = {
			isa = XCBuildConfiguration;
			buildSettings = {
				ALWAYS_EMBED_SWIFT_STANDARD_LIBRARIES = YES;
				CODE_SIGN_STYLE = Automatic;
				CURRENT_PROJECT_VERSION = 1;
				DEVELOPMENT_TEAM = 3DFRWJSMRH;
				GENERATE_INFOPLIST_FILE = YES;
				MARKETING_VERSION = 1.0;
				PRODUCT_BUNDLE_IDENTIFIER = meth.developerAppleTutorial1UITests;
				PRODUCT_NAME = "$(TARGET_NAME)";
				SWIFT_EMIT_LOC_STRINGS = NO;
				SWIFT_VERSION = 5.0;
				TARGETED_DEVICE_FAMILY = "1,2";
				TEST_TARGET_NAME = developerAppleTutorial1;
			};
			name = Release;
		};
/* End XCBuildConfiguration section */

/* Begin XCConfigurationList section */
		8D74B8262A8CFF750002A1F6 /* Build configuration list for PBXProject "developerAppleTutorial1" */ = {
			isa = XCConfigurationList;
			buildConfigurations = (
				8D74B84D2A8CFF770002A1F6 /* Debug */,
				8D74B84E2A8CFF770002A1F6 /* Release */,
			);
			defaultConfigurationIsVisible = 0;
			defaultConfigurationName = Release;
		};
		8D74B84F2A8CFF770002A1F6 /* Build configuration list for PBXNativeTarget "developerAppleTutorial1" */ = {
			isa = XCConfigurationList;
			buildConfigurations = (
				8D74B8502A8CFF770002A1F6 /* Debug */,
				8D74B8512A8CFF770002A1F6 /* Release */,
			);
			defaultConfigurationIsVisible = 0;
			defaultConfigurationName = Release;
		};
		8D74B8522A8CFF770002A1F6 /* Build configuration list for PBXNativeTarget "developerAppleTutorial1Tests" */ = {
			isa = XCConfigurationList;
			buildConfigurations = (
				8D74B8532A8CFF770002A1F6 /* Debug */,
				8D74B8542A8CFF770002A1F6 /* Release */,
			);
			defaultConfigurationIsVisible = 0;
			defaultConfigurationName = Release;
		};
		8D74B8552A8CFF770002A1F6 /* Build configuration list for PBXNativeTarget "developerAppleTutorial1UITests" */ = {
			isa = XCConfigurationList;
			buildConfigurations = (
				8D74B8562A8CFF770002A1F6 /* Debug */,
				8D74B8572A8CFF770002A1F6 /* Release */,
			);
			defaultConfigurationIsVisible = 0;
			defaultConfigurationName = Release;
		};
/* End XCConfigurationList section */
	};
	rootObject = 8D74B8232A8CFF750002A1F6 /* Project object */;
}
